
Microsoft Visual Studio Solution File, Format Version 12.00
# Visual Studio Version 16
VisualStudioVersion = 16.0.31424.327
MinimumVisualStudioVersion = 10.0.40219.1
Project("{FAE04EC0-301F-11D3-BF4B-00C04F79EFBC}") = "Encryptor", "Encryptor\Encryptor.csproj", "{8BB7A14F-6E49-4205-B695-DFE8E1A94429}"
EndProject
Global
	GlobalSection(SolutionConfigurationPlatforms) = preSolution
		Debug|Any CPU = Debug|Any CPU
		Release|Any CPU = Release|Any CPU
	EndGlobalSection
	GlobalSection(ProjectConfigurationPlatforms) = postSolution
		{8BB7A14F-6E49-4205-B695-DFE8E1A94429}.Debug|Any CPU.ActiveCfg = Debug|Any CPU
		{8BB7A14F-6E49-4205-B695-DFE8E1A94429}.Debug|Any CPU.Build.0 = Debug|Any CPU
		{8BB7A14F-6E49-4205-B695-DFE8E1A94429}.Release|Any CPU.ActiveCfg = Release|Any CPU
		{8BB7A14F-6E49-4205-B695-DFE8E1A94429}.Release|Any CPU.Build.0 = Release|Any CPU
	EndGlobalSection
	GlobalSection(SolutionProperties) = preSolution
		HideSolutionNode = FALSE
	EndGlobalSection
	GlobalSection(ExtensibilityGlobals) = postSolution
		SolutionGuid = {D5C8C71A-3219-4912-98EF-0C247A84BA21}
	EndGlobalSection
EndGlobal
